// !$*UTF8*$!
{
	archiveVersion = 1;
	classes = {
	};
	objectVersion = 50;
	objects = {

/* Begin PBXBuildFile section */
		45ACE471230350300088A613 /* AppDelegate.swift in Sources */ = {isa = PBXBuildFile; fileRef = 45ACE470230350300088A613 /* AppDelegate.swift */; };
		45ACE473230350300088A613 /* ViewController.swift in Sources */ = {isa = PBXBuildFile; fileRef = 45ACE472230350300088A613 /* ViewController.swift */; };
		45ACE476230350300088A613 /* Main.storyboard in Resources */ = {isa = PBXBuildFile; fileRef = 45ACE474230350300088A613 /* Main.storyboard */; };
		45ACE478230350320088A613 /* Assets.xcassets in Resources */ = {isa = PBXBuildFile; fileRef = 45ACE477230350320088A613 /* Assets.xcassets */; };
		45ACE47B230350320088A613 /* LaunchScreen.storyboard in Resources */ = {isa = PBXBuildFile; fileRef = 45ACE479230350320088A613 /* LaunchScreen.storyboard */; };
		45ACE486230350320088A613 /* ConstraintsTests.swift in Sources */ = {isa = PBXBuildFile; fileRef = 45ACE485230350320088A613 /* ConstraintsTests.swift */; };
		45ACE491230350320088A613 /* ConstraintsUITests.swift in Sources */ = {isa = PBXBuildFile; fileRef = 45ACE490230350320088A613 /* ConstraintsUITests.swift */; };
/* End PBXBuildFile section */

/* Begin PBXContainerItemProxy section */
		45ACE482230350320088A613 /* PBXContainerItemProxy */ = {
			isa = PBXContainerItemProxy;
			containerPortal = 45ACE465230350300088A613 /* Project object */;
			proxyType = 1;
			remoteGlobalIDString = 45ACE46C230350300088A613;
			remoteInfo = Constraints;
		};
		45ACE48D230350320088A613 /* PBXContainerItemProxy */ = {
			isa = PBXContainerItemProxy;
			containerPortal = 45ACE465230350300088A613 /* Project object */;
			proxyType = 1;
			remoteGlobalIDString = 45ACE46C230350300088A613;
			remoteInfo = Constraints;
		};
/* End PBXContainerItemProxy section */

/* Begin PBXFileReference section */
		45ACE46D230350300088A613 /* Constraints.app */ = {isa = PBXFileReference; explicitFileType = wrapper.application; includeInIndex = 0; path = Constraints.app; sourceTree = BUILT_PRODUCTS_DIR; };
		45ACE470230350300088A613 /* AppDelegate.swift */ = {isa = PBXFileReference; lastKnownFileType = sourcecode.swift; path = AppDelegate.swift; sourceTree = "<group>"; };
		45ACE472230350300088A613 /* ViewController.swift */ = {isa = PBXFileReference; lastKnownFileType = sourcecode.swift; path = ViewController.swift; sourceTree = "<group>"; };
		45ACE475230350300088A613 /* Base */ = {isa = PBXFileReference; lastKnownFileType = file.storyboard; name = Base; path = Base.lproj/Main.storyboard; sourceTree = "<group>"; };
		45ACE477230350320088A613 /* Assets.xcassets */ = {isa = PBXFileReference; lastKnownFileType = folder.assetcatalog; path = Assets.xcassets; sourceTree = "<group>"; };
		45ACE47A230350320088A613 /* Base */ = {isa = PBXFileReference; lastKnownFileType = file.storyboard; name = Base; path = Base.lproj/LaunchScreen.storyboard; sourceTree = "<group>"; };
		45ACE47C230350320088A613 /* Info.plist */ = {isa = PBXFileReference; lastKnownFileType = text.plist.xml; path = Info.plist; sourceTree = "<group>"; };
		45ACE481230350320088A613 /* ConstraintsTests.xctest */ = {isa = PBXFileReference; explicitFileType = wrapper.cfbundle; includeInIndex = 0; path = ConstraintsTests.xctest; sourceTree = BUILT_PRODUCTS_DIR; };
		45ACE485230350320088A613 /* ConstraintsTests.swift */ = {isa = PBXFileReference; lastKnownFileType = sourcecode.swift; path = ConstraintsTests.swift; sourceTree = "<group>"; };
		45ACE487230350320088A613 /* Info.plist */ = {isa = PBXFileReference; lastKnownFileType = text.plist.xml; path = Info.plist; sourceTree = "<group>"; };
		45ACE48C230350320088A613 /* ConstraintsUITests.xctest */ = {isa = PBXFileReference; explicitFileType = wrapper.cfbundle; includeInIndex = 0; path = ConstraintsUITests.xctest; sourceTree = BUILT_PRODUCTS_DIR; };
		45ACE490230350320088A613 /* ConstraintsUITests.swift */ = {isa = PBXFileReference; lastKnownFileType = sourcecode.swift; path = ConstraintsUITests.swift; sourceTree = "<group>"; };
		45ACE492230350320088A613 /* Info.plist */ = {isa = PBXFileReference; lastKnownFileType = text.plist.xml; path = Info.plist; sourceTree = "<group>"; };
/* End PBXFileReference section */

/* Begin PBXFrameworksBuildPhase section */
		45ACE46A230350300088A613 /* Frameworks */ = {
			isa = PBXFrameworksBuildPhase;
			buildActionMask = 2147483647;
			files = (
			);
			runOnlyForDeploymentPostprocessing = 0;
		};
		45ACE47E230350320088A613 /* Frameworks */ = {
			isa = PBXFrameworksBuildPhase;
			buildActionMask = 2147483647;
			files = (
			);
			runOnlyForDeploymentPostprocessing = 0;
		};
		45ACE489230350320088A613 /* Frameworks */ = {
			isa = PBXFrameworksBuildPhase;
			buildActionMask = 2147483647;
			files = (
			);
			runOnlyForDeploymentPostprocessing = 0;
		};
/* End PBXFrameworksBuildPhase section */

/* Begin PBXGroup section */
		45ACE464230350300088A613 = {
			isa = PBXGroup;
			children = (
				45ACE46F230350300088A613 /* Constraints */,
				45ACE484230350320088A613 /* ConstraintsTests */,
				45ACE48F230350320088A613 /* ConstraintsUITests */,
				45ACE46E230350300088A613 /* Products */,
			);
			sourceTree = "<group>";
		};
		45ACE46E230350300088A613 /* Products */ = {
			isa = PBXGroup;
			children = (
				45ACE46D230350300088A613 /* Constraints.app */,
				45ACE481230350320088A613 /* ConstraintsTests.xctest */,
				45ACE48C230350320088A613 /* ConstraintsUITests.xctest */,
			);
			name = Products;
			sourceTree = "<group>";
		};
		45ACE46F230350300088A613 /* Constraints */ = {
			isa = PBXGroup;
			children = (
				45ACE470230350300088A613 /* AppDelegate.swift */,
				45ACE472230350300088A613 /* ViewController.swift */,
				45ACE474230350300088A613 /* Main.storyboard */,
				45ACE477230350320088A613 /* Assets.xcassets */,
				45ACE479230350320088A613 /* LaunchScreen.storyboard */,
				45ACE47C230350320088A613 /* Info.plist */,
			);
			path = Constraints;
			sourceTree = "<group>";
		};
		45ACE484230350320088A613 /* ConstraintsTests */ = {
			isa = PBXGroup;
			children = (
				45ACE485230350320088A613 /* ConstraintsTests.swift */,
				45ACE487230350320088A613 /* Info.plist */,
			);
			path = ConstraintsTests;
			sourceTree = "<group>";
		};
		45ACE48F230350320088A613 /* ConstraintsUITests */ = {
			isa = PBXGroup;
			children = (
				45ACE490230350320088A613 /* ConstraintsUITests.swift */,
				45ACE492230350320088A613 /* Info.plist */,
			);
			path = ConstraintsUITests;
			sourceTree = "<group>";
		};
/* End PBXGroup section */

/* Begin PBXNativeTarget section */
		45ACE46C230350300088A613 /* Constraints */ = {
			isa = PBXNativeTarget;
			buildConfigurationList = 45ACE495230350320088A613 /* Build configuration list for PBXNativeTarget "Constraints" */;
			buildPhases = (
				45ACE469230350300088A613 /* Sources */,
				45ACE46A230350300088A613 /* Frameworks */,
				45ACE46B230350300088A613 /* Resources */,
			);
			buildRules = (
			);
			dependencies = (
			);
			name = Constraints;
			productName = Constraints;
			productReference = 45ACE46D230350300088A613 /* Constraints.app */;
			productType = "com.apple.product-type.application";
		};
		45ACE480230350320088A613 /* ConstraintsTests */ = {
			isa = PBXNativeTarget;
			buildConfigurationList = 45ACE498230350320088A613 /* Build configuration list for PBXNativeTarget "ConstraintsTests" */;
			buildPhases = (
				45ACE47D230350320088A613 /* Sources */,
				45ACE47E230350320088A613 /* Frameworks */,
				45ACE47F230350320088A613 /* Resources */,
			);
			buildRules = (
			);
			dependencies = (
				45ACE483230350320088A613 /* PBXTargetDependency */,
			);
			name = ConstraintsTests;
			productName = ConstraintsTests;
			productReference = 45ACE481230350320088A613 /* ConstraintsTests.xctest */;
			productType = "com.apple.product-type.bundle.unit-test";
		};
		45ACE48B230350320088A613 /* ConstraintsUITests */ = {
			isa = PBXNativeTarget;
			buildConfigurationList = 45ACE49B230350320088A613 /* Build configuration list for PBXNativeTarget "ConstraintsUITests" */;
			buildPhases = (
				45ACE488230350320088A613 /* Sources */,
				45ACE489230350320088A613 /* Frameworks */,
				45ACE48A230350320088A613 /* Resources */,
			);
			buildRules = (
			);
			dependencies = (
				45ACE48E230350320088A613 /* PBXTargetDependency */,
			);
			name = ConstraintsUITests;
			productName = ConstraintsUITests;
			productReference = 45ACE48C230350320088A613 /* ConstraintsUITests.xctest */;
			productType = "com.apple.product-type.bundle.ui-testing";
		};
/* End PBXNativeTarget section */

/* Begin PBXProject section */
		45ACE465230350300088A613 /* Project object */ = {
			isa = PBXProject;
			attributes = {
				LastSwiftUpdateCheck = 1010;
				LastUpgradeCheck = 1010;
				ORGANIZATIONNAME = Blancovery;
				TargetAttributes = {
					45ACE46C230350300088A613 = {
						CreatedOnToolsVersion = 10.1;
					};
					45ACE480230350320088A613 = {
						CreatedOnToolsVersion = 10.1;
						TestTargetID = 45ACE46C230350300088A613;
					};
					45ACE48B230350320088A613 = {
						CreatedOnToolsVersion = 10.1;
						TestTargetID = 45ACE46C230350300088A613;
					};
				};
			};
			buildConfigurationList = 45ACE468230350300088A613 /* Build configuration list for PBXProject "Constraints" */;
			compatibilityVersion = "Xcode 9.3";
			developmentRegion = en;
			hasScannedForEncodings = 0;
			knownRegions = (
				en,
				Base,
			);
			mainGroup = 45ACE464230350300088A613;
			productRefGroup = 45ACE46E230350300088A613 /* Products */;
			projectDirPath = "";
			projectRoot = "";
			targets = (
				45ACE46C230350300088A613 /* Constraints */,
				45ACE480230350320088A613 /* ConstraintsTests */,
				45ACE48B230350320088A613 /* ConstraintsUITests */,
			);
		};
/* End PBXProject section */

/* Begin PBXResourcesBuildPhase section */
		45ACE46B230350300088A613 /* Resources */ = {
			isa = PBXResourcesBuildPhase;
			buildActionMask = 2147483647;
			files = (
				45ACE47B230350320088A613 /* LaunchScreen.storyboard in Resources */,
				45ACE478230350320088A613 /* Assets.xcassets in Resources */,
				45ACE476230350300088A613 /* Main.storyboard in Resources */,
			);
			runOnlyForDeploymentPostprocessing = 0;
		};
		45ACE47F230350320088A613 /* Resources */ = {
			isa = PBXResourcesBuildPhase;
			buildActionMask = 2147483647;
			files = (
			);
			runOnlyForDeploymentPostprocessing = 0;
		};
		45ACE48A230350320088A613 /* Resources */ = {
			isa = PBXResourcesBuildPhase;
			buildActionMask = 2147483647;
			files = (
			);
			runOnlyForDeploymentPostprocessing = 0;
		};
/* End PBXResourcesBuildPhase section */

/* Begin PBXSourcesBuildPhase section */
		45ACE469230350300088A613 /* Sources */ = {
			isa = PBXSourcesBuildPhase;
			buildActionMask = 2147483647;
			files = (
				45ACE473230350300088A613 /* ViewController.swift in Sources */,
				45ACE471230350300088A613 /* AppDelegate.swift in Sources */,
			);
			runOnlyForDeploymentPostprocessing = 0;
		};
		45ACE47D230350320088A613 /* Sources */ = {
			isa = PBXSourcesBuildPhase;
			buildActionMask = 2147483647;
			files = (
				45ACE486230350320088A613 /* ConstraintsTests.swift in Sources */,
			);
			runOnlyForDeploymentPostprocessing = 0;
		};
		45ACE488230350320088A613 /* Sources */ = {
			isa = PBXSourcesBuildPhase;
			buildActionMask = 2147483647;
			files = (
				45ACE491230350320088A613 /* ConstraintsUITests.swift in Sources */,
			);
			runOnlyForDeploymentPostprocessing = 0;
		};
/* End PBXSourcesBuildPhase section */

/* Begin PBXTargetDependency section */
		45ACE483230350320088A613 /* PBXTargetDependency */ = {
			isa = PBXTargetDependency;
			target = 45ACE46C230350300088A613 /* Constraints */;
			targetProxy = 45ACE482230350320088A613 /* PBXContainerItemProxy */;
		};
		45ACE48E230350320088A613 /* PBXTargetDependency */ = {
			isa = PBXTargetDependency;
			target = 45ACE46C230350300088A613 /* Constraints */;
			targetProxy = 45ACE48D230350320088A613 /* PBXContainerItemProxy */;
		};
/* End PBXTargetDependency section */

/* Begin PBXVariantGroup section */
		45ACE474230350300088A613 /* Main.storyboard */ = {
			isa = PBXVariantGroup;
			children = (
				45ACE475230350300088A613 /* Base */,
			);
			name = Main.storyboard;
			sourceTree = "<group>";
		};
		45ACE479230350320088A613 /* LaunchScreen.storyboard */ = {
			isa = PBXVariantGroup;
			children = (
				45ACE47A230350320088A613 /* Base */,
			);
			name = LaunchScreen.storyboard;
			sourceTree = "<group>";
		};
/* End PBXVariantGroup section */

/* Begin XCBuildConfiguration section */
		45ACE493230350320088A613 /* Debug */ = {
			isa = XCBuildConfiguration;
			buildSettings = {
				ALWAYS_SEARCH_USER_PATHS = NO;
				CLANG_ANALYZER_NONNULL = YES;
				CLANG_ANALYZER_NUMBER_OBJECT_CONVERSION = YES_AGGRESSIVE;
				CLANG_CXX_LANGUAGE_STANDARD = "gnu++14";
				CLANG_CXX_LIBRARY = "libc++";
				CLANG_ENABLE_MODULES = YES;
				CLANG_ENABLE_OBJC_ARC = YES;
				CLANG_ENABLE_OBJC_WEAK = YES;
				CLANG_WARN_BLOCK_CAPTURE_AUTORELEASING = YES;
				CLANG_WARN_BOOL_CONVERSION = YES;
				CLANG_WARN_COMMA = YES;
				CLANG_WARN_CONSTANT_CONVERSION = YES;
				CLANG_WARN_DEPRECATED_OBJC_IMPLEMENTATIONS = YES;
				CLANG_WARN_DIRECT_OBJC_ISA_USAGE = YES_ERROR;
				CLANG_WARN_DOCUMENTATION_COMMENTS = YES;
				CLANG_WARN_EMPTY_BODY = YES;
				CLANG_WARN_ENUM_CONVERSION = YES;
				CLANG_WARN_INFINITE_RECURSION = YES;
				CLANG_WARN_INT_CONVERSION = YES;
				CLANG_WARN_NON_LITERAL_NULL_CONVERSION = YES;
				CLANG_WARN_OBJC_IMPLICIT_RETAIN_SELF = YES;
				CLANG_WARN_OBJC_LITERAL_CONVERSION = YES;
				CLANG_WARN_OBJC_ROOT_CLASS = YES_ERROR;
				CLANG_WARN_RANGE_LOOP_ANALYSIS = YES;
				CLANG_WARN_STRICT_PROTOTYPES = YES;
				CLANG_WARN_SUSPICIOUS_MOVE = YES;
				CLANG_WARN_UNGUARDED_AVAILABILITY = YES_AGGRESSIVE;
				CLANG_WARN_UNREACHABLE_CODE = YES;
				CLANG_WARN__DUPLICATE_METHOD_MATCH = YES;
				CODE_SIGN_IDENTITY = "iPhone Developer";
				COPY_PHASE_STRIP = NO;
				DEBUG_INFORMATION_FORMAT = dwarf;
				ENABLE_STRICT_OBJC_MSGSEND = YES;
				ENABLE_TESTABILITY = YES;
				GCC_C_LANGUAGE_STANDARD = gnu11;
				GCC_DYNAMIC_NO_PIC = NO;
				GCC_NO_COMMON_BLOCKS = YES;
				GCC_OPTIMIZATION_LEVEL = 0;
				GCC_PREPROCESSOR_DEFINITIONS = (
					"DEBUG=1",
					"$(inherited)",
				);
				GCC_WARN_64_TO_32_BIT_CONVERSION = YES;
				GCC_WARN_ABOUT_RETURN_TYPE = YES_ERROR;
				GCC_WARN_UNDECLARED_SELECTOR = YES;
				GCC_WARN_UNINITIALIZED_AUTOS = YES_AGGRESSIVE;
				GCC_WARN_UNUSED_FUNCTION = YES;
				GCC_WARN_UNUSED_VARIABLE = YES;
				IPHONEOS_DEPLOYMENT_TARGET = 12.1;
				MTL_ENABLE_DEBUG_INFO = INCLUDE_SOURCE;
				MTL_FAST_MATH = YES;
				ONLY_ACTIVE_ARCH = YES;
				SDKROOT = iphoneos;
				SWIFT_ACTIVE_COMPILATION_CONDITIONS = DEBUG;
				SWIFT_OPTIMIZATION_LEVEL = "-Onone";
			};
			name = Debug;
		};
		45ACE494230350320088A613 /* Release */ = {
			isa = XCBuildConfiguration;
			buildSettings = {
				ALWAYS_SEARCH_USER_PATHS = NO;
				CLANG_ANALYZER_NONNULL = YES;
				CLANG_ANALYZER_NUMBER_OBJECT_CONVERSION = YES_AGGRESSIVE;
				CLANG_CXX_LANGUAGE_STANDARD = "gnu++14";
				CLANG_CXX_LIBRARY = "libc++";
				CLANG_ENABLE_MODULES = YES;
				CLANG_ENABLE_OBJC_ARC = YES;
				CLANG_ENABLE_OBJC_WEAK = YES;
				CLANG_WARN_BLOCK_CAPTURE_AUTORELEASING = YES;
				CLANG_WARN_BOOL_CONVERSION = YES;
				CLANG_WARN_COMMA = YES;
				CLANG_WARN_CONSTANT_CONVERSION = YES;
				CLANG_WARN_DEPRECATED_OBJC_IMPLEMENTATIONS = YES;
				CLANG_WARN_DIRECT_OBJC_ISA_USAGE = YES_ERROR;
				CLANG_WARN_DOCUMENTATION_COMMENTS = YES;
				CLANG_WARN_EMPTY_BODY = YES;
				CLANG_WARN_ENUM_CONVERSION = YES;
				CLANG_WARN_INFINITE_RECURSION = YES;
				CLANG_WARN_INT_CONVERSION = YES;
				CLANG_WARN_NON_LITERAL_NULL_CONVERSION = YES;
				CLANG_WARN_OBJC_IMPLICIT_RETAIN_SELF = YES;
				CLANG_WARN_OBJC_LITERAL_CONVERSION = YES;
				CLANG_WARN_OBJC_ROOT_CLASS = YES_ERROR;
				CLANG_WARN_RANGE_LOOP_ANALYSIS = YES;
				CLANG_WARN_STRICT_PROTOTYPES = YES;
				CLANG_WARN_SUSPICIOUS_MOVE = YES;
				CLANG_WARN_UNGUARDED_AVAILABILITY = YES_AGGRESSIVE;
				CLANG_WARN_UNREACHABLE_CODE = YES;
				CLANG_WARN__DUPLICATE_METHOD_MATCH = YES;
				CODE_SIGN_IDENTITY = "iPhone Developer";
				COPY_PHASE_STRIP = NO;
				DEBUG_INFORMATION_FORMAT = "dwarf-with-dsym";
				ENABLE_NS_ASSERTIONS = NO;
				ENABLE_STRICT_OBJC_MSGSEND = YES;
				GCC_C_LANGUAGE_STANDARD = gnu11;
				GCC_NO_COMMON_BLOCKS = YES;
				GCC_WARN_64_TO_32_BIT_CONVERSION = YES;
				GCC_WARN_ABOUT_RETURN_TYPE = YES_ERROR;
				GCC_WARN_UNDECLARED_SELECTOR = YES;
				GCC_WARN_UNINITIALIZED_AUTOS = YES_AGGRESSIVE;
				GCC_WARN_UNUSED_FUNCTION = YES;
				GCC_WARN_UNUSED_VARIABLE = YES;
				IPHONEOS_DEPLOYMENT_TARGET = 12.1;
				MTL_ENABLE_DEBUG_INFO = NO;
				MTL_FAST_MATH = YES;
				SDKROOT = iphoneos;
				SWIFT_COMPILATION_MODE = wholemodule;
				SWIFT_OPTIMIZATION_LEVEL = "-O";
				VALIDATE_PRODUCT = YES;
			};
			name = Release;
		};
		45ACE496230350320088A613 /* Debug */ = {
			isa = XCBuildConfiguration;
			buildSettings = {
				ASSETCATALOG_COMPILER_APPICON_NAME = AppIcon;
				CODE_SIGN_STYLE = Automatic;
				INFOPLIST_FILE = Constraints/Info.plist;
				LD_RUNPATH_SEARCH_PATHS = (
					"$(inherited)",
					"@executable_path/Frameworks",
				);
				PRODUCT_BUNDLE_IDENTIFIER = edu.ulsa.Constraints;
				PRODUCT_NAME = "$(TARGET_NAME)";
				SWIFT_VERSION = 4.2;
				TARGETED_DEVICE_FAMILY = "1,2";
			};
			name = Debug;
		};
		45ACE497230350320088A613 /* Release */ = {
			isa = XCBuildConfiguration;
			buildSettings = {
				ASSETCATALOG_COMPILER_APPICON_NAME = AppIcon;
				CODE_SIGN_STYLE = Automatic;
				INFOPLIST_FILE = Constraints/Info.plist;
				LD_RUNPATH_SEARCH_PATHS = (
					"$(inherited)",
					"@executable_path/Frameworks",
				);
				PRODUCT_BUNDLE_IDENTIFIER = edu.ulsa.Constraints;
				PRODUCT_NAME = "$(TARGET_NAME)";
				SWIFT_VERSION = 4.2;
				TARGETED_DEVICE_FAMILY = "1,2";
			};
			name = Release;
		};
		45ACE499230350320088A613 /* Debug */ = {
			isa = XCBuildConfiguration;
			buildSettings = {
				ALWAYS_EMBED_SWIFT_STANDARD_LIBRARIES = YES;
				BUNDLE_LOADER = "$(TEST_HOST)";
				CODE_SIGN_STYLE = Automatic;
				INFOPLIST_FILE = ConstraintsTests/Info.plist;
				LD_RUNPATH_SEARCH_PATHS = (
					"$(inherited)",
					"@executable_path/Frameworks",
					"@loader_path/Frameworks",
				);
				PRODUCT_BUNDLE_IDENTIFIER = edu.ulsa.ConstraintsTests;
				PRODUCT_NAME = "$(TARGET_NAME)";
				SWIFT_VERSION = 4.2;
				TARGETED_DEVICE_FAMILY = "1,2";
				TEST_HOST = "$(BUILT_PRODUCTS_DIR)/Constraints.app/Constraints";
			};
			name = Debug;
		};
		45ACE49A230350320088A613 /* Release */ = {
			isa = XCBuildConfiguration;
			buildSettings = {
				ALWAYS_EMBED_SWIFT_STANDARD_LIBRARIES = YES;
				BUNDLE_LOADER = "$(TEST_HOST)";
				CODE_SIGN_STYLE = Automatic;
				INFOPLIST_FILE = ConstraintsTests/Info.plist;
				LD_RUNPATH_SEARCH_PATHS = (
					"$(inherited)",
					"@executable_path/Frameworks",
					"@loader_path/Frameworks",
				);
				PRODUCT_BUNDLE_IDENTIFIER = edu.ulsa.ConstraintsTests;
				PRODUCT_NAME = "$(TARGET_NAME)";
				SWIFT_VERSION = 4.2;
				TARGETED_DEVICE_FAMILY = "1,2";
				TEST_HOST = "$(BUILT_PRODUCTS_DIR)/Constraints.app/Constraints";
			};
			name = Release;
		};
		45ACE49C230350320088A613 /* Debug */ = {
			isa = XCBuildConfiguration;
			buildSettings = {
				ALWAYS_EMBED_SWIFT_STANDARD_LIBRARIES = YES;
				CODE_SIGN_STYLE = Automatic;
				INFOPLIST_FILE = ConstraintsUITests/Info.plist;
				LD_RUNPATH_SEARCH_PATHS = (
					"$(inherited)",
					"@executable_path/Frameworks",
					"@loader_path/Frameworks",
				);
				PRODUCT_BUNDLE_IDENTIFIER = edu.ulsa.ConstraintsUITests;
				PRODUCT_NAME = "$(TARGET_NAME)";
				SWIFT_VERSION = 4.2;
				TARGETED_DEVICE_FAMILY = "1,2";
				TEST_TARGET_NAME = Constraints;
			};
			name = Debug;
		};
		45ACE49D230350320088A613 /* Release */ = {
			isa = XCBuildConfiguration;
			buildSettings = {
				ALWAYS_EMBED_SWIFT_STANDARD_LIBRARIES = YES;
				CODE_SIGN_STYLE = Automatic;
				INFOPLIST_FILE = ConstraintsUITests/Info.plist;
				LD_RUNPATH_SEARCH_PATHS = (
					"$(inherited)",
					"@executable_path/Frameworks",
					"@loader_path/Frameworks",
				);
				PRODUCT_BUNDLE_IDENTIFIER = edu.ulsa.ConstraintsUITests;
				PRODUCT_NAME = "$(TARGET_NAME)";
				SWIFT_VERSION = 4.2;
				TARGETED_DEVICE_FAMILY = "1,2";
				TEST_TARGET_NAME = Constraints;
			};
			name = Release;
		};
/* End XCBuildConfiguration section */

/* Begin XCConfigurationList section */
		45ACE468230350300088A613 /* Build configuration list for PBXProject "Constraints" */ = {
			isa = XCConfigurationList;
			buildConfigurations = (
				45ACE493230350320088A613 /* Debug */,
				45ACE494230350320088A613 /* Release */,
			);
			defaultConfigurationIsVisible = 0;
			defaultConfigurationName = Release;
		};
		45ACE495230350320088A613 /* Build configuration list for PBXNativeTarget "Constraints" */ = {
			isa = XCConfigurationList;
			buildConfigurations = (
				45ACE496230350320088A613 /* Debug */,
				45ACE497230350320088A613 /* Release */,
			);
			defaultConfigurationIsVisible = 0;
			defaultConfigurationName = Release;
		};
		45ACE498230350320088A613 /* Build configuration list for PBXNativeTarget "ConstraintsTests" */ = {
			isa = XCConfigurationList;
			buildConfigurations = (
				45ACE499230350320088A613 /* Debug */,
				45ACE49A230350320088A613 /* Release */,
			);
			defaultConfigurationIsVisible = 0;
			defaultConfigurationName = Release;
		};
		45ACE49B230350320088A613 /* Build configuration list for PBXNativeTarget "ConstraintsUITests" */ = {
			isa = XCConfigurationList;
			buildConfigurations = (
				45ACE49C230350320088A613 /* Debug */,
				45ACE49D230350320088A613 /* Release */,
			);
			defaultConfigurationIsVisible = 0;
			defaultConfigurationName = Release;
		};
/* End XCConfigurationList section */
	};
	rootObject = 45ACE465230350300088A613 /* Project object */;
}
